
Microsoft Visual Studio Solution File, Format Version 12.00
# Visual Studio Version 17
VisualStudioVersion = 17.0.32112.339
MinimumVisualStudioVersion = 10.0.40219.1
Project("{FAE04EC0-301F-11D3-BF4B-00C04F79EFBC}") = "Shelter.Server", "Shelter\Server\Shelter.Server.csproj", "{4F619597-DBFB-4041-B875-D16B15AF8E89}"
EndProject
Project("{FAE04EC0-301F-11D3-BF4B-00C04F79EFBC}") = "Shelter.Client", "Shelter\Client\Shelter.Client.csproj", "{5D0D604B-6CC0-4166-845E-02158E398991}"
EndProject
Project("{FAE04EC0-301F-11D3-BF4B-00C04F79EFBC}") = "Shelter.Shared", "Shelter\Shared\Shelter.Shared.csproj", "{2C5DCCA1-D742-4399-B907-153BE73132AB}"
EndProject
Global
	GlobalSection(SolutionConfigurationPlatforms) = preSolution
		Debug|Any CPU = Debug|Any CPU
		Release|Any CPU = Release|Any CPU
	EndGlobalSection
	GlobalSection(ProjectConfigurationPlatforms) = postSolution
		{4F619597-DBFB-4041-B875-D16B15AF8E89}.Debug|Any CPU.ActiveCfg = Debug|Any CPU
		{4F619597-DBFB-4041-B875-D16B15AF8E89}.Debug|Any CPU.Build.0 = Debug|Any CPU
		{4F619597-DBFB-4041-B875-D16B15AF8E89}.Release|Any CPU.ActiveCfg = Release|Any CPU
		{4F619597-DBFB-4041-B875-D16B15AF8E89}.Release|Any CPU.Build.0 = Release|Any CPU
		{5D0D604B-6CC0-4166-845E-02158E398991}.Debug|Any CPU.ActiveCfg = Debug|Any CPU
		{5D0D604B-6CC0-4166-845E-02158E398991}.Debug|Any CPU.Build.0 = Debug|Any CPU
		{5D0D604B-6CC0-4166-845E-02158E398991}.Release|Any CPU.ActiveCfg = Release|Any CPU
		{5D0D604B-6CC0-4166-845E-02158E398991}.Release|Any CPU.Build.0 = Release|Any CPU
		{2C5DCCA1-D742-4399-B907-153BE73132AB}.Debug|Any CPU.ActiveCfg = Debug|Any CPU
		{2C5DCCA1-D742-4399-B907-153BE73132AB}.Debug|Any CPU.Build.0 = Debug|Any CPU
		{2C5DCCA1-D742-4399-B907-153BE73132AB}.Release|Any CPU.ActiveCfg = Release|Any CPU
		{2C5DCCA1-D742-4399-B907-153BE73132AB}.Release|Any CPU.Build.0 = Release|Any CPU
	EndGlobalSection
	GlobalSection(SolutionProperties) = preSolution
		HideSolutionNode = FALSE
	EndGlobalSection
	GlobalSection(ExtensibilityGlobals) = postSolution
		SolutionGuid = {A6367CB8-1362-4B6C-AE0D-FD4F6FA319F5}
	EndGlobalSection
EndGlobal
